
Microsoft Visual Studio Solution File, Format Version 12.00
# Visual Studio Version 16
VisualStudioVersion = 16.0.30517.126
MinimumVisualStudioVersion = 10.0.40219.1
Project("{FAE04EC0-301F-11D3-BF4B-00C04F79EFBC}") = "ChampionsLeague", "ChampionsLeague\ChampionsLeague.csproj", "{1D8A18B0-45E2-413C-805C-4A433A99985B}"
EndProject
Global
	GlobalSection(SolutionConfigurationPlatforms) = preSolution
		Debug|Any CPU = Debug|Any CPU
		Release|Any CPU = Release|Any CPU
	EndGlobalSection
	GlobalSection(ProjectConfigurationPlatforms) = postSolution
		{1D8A18B0-45E2-413C-805C-4A433A99985B}.Debug|Any CPU.ActiveCfg = Debug|Any CPU
		{1D8A18B0-45E2-413C-805C-4A433A99985B}.Debug|Any CPU.Build.0 = Debug|Any CPU
		{1D8A18B0-45E2-413C-805C-4A433A99985B}.Release|Any CPU.ActiveCfg = Release|Any CPU
		{1D8A18B0-45E2-413C-805C-4A433A99985B}.Release|Any CPU.Build.0 = Release|Any CPU
	EndGlobalSection
	GlobalSection(SolutionProperties) = preSolution
		HideSolutionNode = FALSE
	EndGlobalSection
	GlobalSection(ExtensibilityGlobals) = postSolution
		SolutionGuid = {0D02A102-5E61-4243-9420-5E5FA828C616}
	EndGlobalSection
EndGlobal
