
Microsoft Visual Studio Solution File, Format Version 12.00
# Visual Studio Version 16
VisualStudioVersion = 16.0.30517.126
MinimumVisualStudioVersion = 10.0.40219.1
Project("{9A19103F-16F7-4668-BE54-9A1E7A4F7556}") = "SemestralniPrace", "SemestralniPrace\SemestralniPrace.csproj", "{7037C7D8-6DB4-48C5-B60F-9B56C313FC8E}"
EndProject
Global
	GlobalSection(SolutionConfigurationPlatforms) = preSolution
		Debug|Any CPU = Debug|Any CPU
		Release|Any CPU = Release|Any CPU
	EndGlobalSection
	GlobalSection(ProjectConfigurationPlatforms) = postSolution
		{7037C7D8-6DB4-48C5-B60F-9B56C313FC8E}.Debug|Any CPU.ActiveCfg = Debug|Any CPU
		{7037C7D8-6DB4-48C5-B60F-9B56C313FC8E}.Debug|Any CPU.Build.0 = Debug|Any CPU
		{7037C7D8-6DB4-48C5-B60F-9B56C313FC8E}.Release|Any CPU.ActiveCfg = Release|Any CPU
		{7037C7D8-6DB4-48C5-B60F-9B56C313FC8E}.Release|Any CPU.Build.0 = Release|Any CPU
	EndGlobalSection
	GlobalSection(SolutionProperties) = preSolution
		HideSolutionNode = FALSE
	EndGlobalSection
	GlobalSection(ExtensibilityGlobals) = postSolution
		SolutionGuid = {D5F7FE01-28D2-4439-89B3-CC2A94619572}
	EndGlobalSection
EndGlobal
